
Microsoft Visual Studio Solution File, Format Version 12.00
# Visual Studio Version 17
VisualStudioVersion = 17.0.31903.59
MinimumVisualStudioVersion = 10.0.40219.1
Project("{2150E333-8FDC-42A3-9474-1A3956D46DE8}") = "src", "src", "{827E0CD3-B72D-47B6-A68D-7590B98EB39B}"
EndProject
Project("{FAE04EC0-301F-11D3-BF4B-00C04F79EFBC}") = "Domain", "src\Domain\Domain.csproj", "{E1BF916C-7B40-4C9B-A482-31E120C13BAB}"
EndProject
Project("{FAE04EC0-301F-11D3-BF4B-00C04F79EFBC}") = "Application", "src\Application\Application.csproj", "{D22F6ACD-49E5-4D92-83A2-0EDD60A32DFC}"
EndProject
Project("{FAE04EC0-301F-11D3-BF4B-00C04F79EFBC}") = "Infrastructure", "src\Infrastructure\Infrastructure.csproj", "{6883B029-9485-4B8F-A072-0CEFE9C49ED5}"
EndProject
Project("{FAE04EC0-301F-11D3-BF4B-00C04F79EFBC}") = "Web", "src\Web\Web.csproj", "{CADD81EB-0AF3-42BB-AFEB-D799B0B80061}"
EndProject
Project("{2150E333-8FDC-42A3-9474-1A3956D46DE8}") = "tests", "tests", "{0AB3BF05-4346-4AA6-1389-037BE0695223}"
EndProject
Project("{FAE04EC0-301F-11D3-BF4B-00C04F79EFBC}") = "UnitTests", "tests\UnitTests\UnitTests.csproj", "{CD453AD3-E4DE-4802-BB30-3697FE00712D}"
EndProject
Project("{FAE04EC0-301F-11D3-BF4B-00C04F79EFBC}") = "IntegrationTests", "tests\IntegrationTests\IntegrationTests.csproj", "{AD244A2B-21C5-4CC6-93A2-E493D4263C42}"
EndProject
Global
	GlobalSection(SolutionConfigurationPlatforms) = preSolution
		Debug|Any CPU = Debug|Any CPU
		Debug|x64 = Debug|x64
		Debug|x86 = Debug|x86
		Release|Any CPU = Release|Any CPU
		Release|x64 = Release|x64
		Release|x86 = Release|x86
	EndGlobalSection
	GlobalSection(ProjectConfigurationPlatforms) = postSolution
		{E1BF916C-7B40-4C9B-A482-31E120C13BAB}.Debug|Any CPU.ActiveCfg = Debug|Any CPU
		{E1BF916C-7B40-4C9B-A482-31E120C13BAB}.Debug|Any CPU.Build.0 = Debug|Any CPU
		{E1BF916C-7B40-4C9B-A482-31E120C13BAB}.Debug|x64.ActiveCfg = Debug|Any CPU
		{E1BF916C-7B40-4C9B-A482-31E120C13BAB}.Debug|x64.Build.0 = Debug|Any CPU
		{E1BF916C-7B40-4C9B-A482-31E120C13BAB}.Debug|x86.ActiveCfg = Debug|Any CPU
		{E1BF916C-7B40-4C9B-A482-31E120C13BAB}.Debug|x86.Build.0 = Debug|Any CPU
		{E1BF916C-7B40-4C9B-A482-31E120C13BAB}.Release|Any CPU.ActiveCfg = Release|Any CPU
		{E1BF916C-7B40-4C9B-A482-31E120C13BAB}.Release|Any CPU.Build.0 = Release|Any CPU
		{E1BF916C-7B40-4C9B-A482-31E120C13BAB}.Release|x64.ActiveCfg = Release|Any CPU
		{E1BF916C-7B40-4C9B-A482-31E120C13BAB}.Release|x64.Build.0 = Release|Any CPU
		{E1BF916C-7B40-4C9B-A482-31E120C13BAB}.Release|x86.ActiveCfg = Release|Any CPU
		{E1BF916C-7B40-4C9B-A482-31E120C13BAB}.Release|x86.Build.0 = Release|Any CPU
		{D22F6ACD-49E5-4D92-83A2-0EDD60A32DFC}.Debug|Any CPU.ActiveCfg = Debug|Any CPU
		{D22F6ACD-49E5-4D92-83A2-0EDD60A32DFC}.Debug|Any CPU.Build.0 = Debug|Any CPU
		{D22F6ACD-49E5-4D92-83A2-0EDD60A32DFC}.Debug|x64.ActiveCfg = Debug|Any CPU
		{D22F6ACD-49E5-4D92-83A2-0EDD60A32DFC}.Debug|x64.Build.0 = Debug|Any CPU
		{D22F6ACD-49E5-4D92-83A2-0EDD60A32DFC}.Debug|x86.ActiveCfg = Debug|Any CPU
		{D22F6ACD-49E5-4D92-83A2-0EDD60A32DFC}.Debug|x86.Build.0 = Debug|Any CPU
		{D22F6ACD-49E5-4D92-83A2-0EDD60A32DFC}.Release|Any CPU.ActiveCfg = Release|Any CPU
		{D22F6ACD-49E5-4D92-83A2-0EDD60A32DFC}.Release|Any CPU.Build.0 = Release|Any CPU
		{D22F6ACD-49E5-4D92-83A2-0EDD60A32DFC}.Release|x64.ActiveCfg = Release|Any CPU
		{D22F6ACD-49E5-4D92-83A2-0EDD60A32DFC}.Release|x64.Build.0 = Release|Any CPU
		{D22F6ACD-49E5-4D92-83A2-0EDD60A32DFC}.Release|x86.ActiveCfg = Release|Any CPU
		{D22F6ACD-49E5-4D92-83A2-0EDD60A32DFC}.Release|x86.Build.0 = Release|Any CPU
		{6883B029-9485-4B8F-A072-0CEFE9C49ED5}.Debug|Any CPU.ActiveCfg = Debug|Any CPU
		{6883B029-9485-4B8F-A072-0CEFE9C49ED5}.Debug|Any CPU.Build.0 = Debug|Any CPU
		{6883B029-9485-4B8F-A072-0CEFE9C49ED5}.Debug|x64.ActiveCfg = Debug|Any CPU
		{6883B029-9485-4B8F-A072-0CEFE9C49ED5}.Debug|x64.Build.0 = Debug|Any CPU
		{6883B029-9485-4B8F-A072-0CEFE9C49ED5}.Debug|x86.ActiveCfg = Debug|Any CPU
		{6883B029-9485-4B8F-A072-0CEFE9C49ED5}.Debug|x86.Build.0 = Debug|Any CPU
		{6883B029-9485-4B8F-A072-0CEFE9C49ED5}.Release|Any CPU.ActiveCfg = Release|Any CPU
		{6883B029-9485-4B8F-A072-0CEFE9C49ED5}.Release|Any CPU.Build.0 = Release|Any CPU
		{6883B029-9485-4B8F-A072-0CEFE9C49ED5}.Release|x64.ActiveCfg = Release|Any CPU
		{6883B029-9485-4B8F-A072-0CEFE9C49ED5}.Release|x64.Build.0 = Release|Any CPU
		{6883B029-9485-4B8F-A072-0CEFE9C49ED5}.Release|x86.ActiveCfg = Release|Any CPU
		{6883B029-9485-4B8F-A072-0CEFE9C49ED5}.Release|x86.Build.0 = Release|Any CPU
		{CADD81EB-0AF3-42BB-AFEB-D799B0B80061}.Debug|Any CPU.ActiveCfg = Debug|Any CPU
		{CADD81EB-0AF3-42BB-AFEB-D799B0B80061}.Debug|Any CPU.Build.0 = Debug|Any CPU
		{CADD81EB-0AF3-42BB-AFEB-D799B0B80061}.Debug|x64.ActiveCfg = Debug|Any CPU
		{CADD81EB-0AF3-42BB-AFEB-D799B0B80061}.Debug|x64.Build.0 = Debug|Any CPU
		{CADD81EB-0AF3-42BB-AFEB-D799B0B80061}.Debug|x86.ActiveCfg = Debug|Any CPU
		{CADD81EB-0AF3-42BB-AFEB-D799B0B80061}.Debug|x86.Build.0 = Debug|Any CPU
		{CADD81EB-0AF3-42BB-AFEB-D799B0B80061}.Release|Any CPU.ActiveCfg = Release|Any CPU
		{CADD81EB-0AF3-42BB-AFEB-D799B0B80061}.Release|Any CPU.Build.0 = Release|Any CPU
		{CADD81EB-0AF3-42BB-AFEB-D799B0B80061}.Release|x64.ActiveCfg = Release|Any CPU
		{CADD81EB-0AF3-42BB-AFEB-D799B0B80061}.Release|x64.Build.0 = Release|Any CPU
		{CADD81EB-0AF3-42BB-AFEB-D799B0B80061}.Release|x86.ActiveCfg = Release|Any CPU
		{CADD81EB-0AF3-42BB-AFEB-D799B0B80061}.Release|x86.Build.0 = Release|Any CPU
		{CD453AD3-E4DE-4802-BB30-3697FE00712D}.Debug|Any CPU.ActiveCfg = Debug|Any CPU
		{CD453AD3-E4DE-4802-BB30-3697FE00712D}.Debug|Any CPU.Build.0 = Debug|Any CPU
		{CD453AD3-E4DE-4802-BB30-3697FE00712D}.Debug|x64.ActiveCfg = Debug|Any CPU
		{CD453AD3-E4DE-4802-BB30-3697FE00712D}.Debug|x64.Build.0 = Debug|Any CPU
		{CD453AD3-E4DE-4802-BB30-3697FE00712D}.Debug|x86.ActiveCfg = Debug|Any CPU
		{CD453AD3-E4DE-4802-BB30-3697FE00712D}.Debug|x86.Build.0 = Debug|Any CPU
		{CD453AD3-E4DE-4802-BB30-3697FE00712D}.Release|Any CPU.ActiveCfg = Release|Any CPU
		{CD453AD3-E4DE-4802-BB30-3697FE00712D}.Release|Any CPU.Build.0 = Release|Any CPU
		{CD453AD3-E4DE-4802-BB30-3697FE00712D}.Release|x64.ActiveCfg = Release|Any CPU
		{CD453AD3-E4DE-4802-BB30-3697FE00712D}.Release|x64.Build.0 = Release|Any CPU
		{CD453AD3-E4DE-4802-BB30-3697FE00712D}.Release|x86.ActiveCfg = Release|Any CPU
		{CD453AD3-E4DE-4802-BB30-3697FE00712D}.Release|x86.Build.0 = Release|Any CPU
		{AD244A2B-21C5-4CC6-93A2-E493D4263C42}.Debug|Any CPU.ActiveCfg = Debug|Any CPU
		{AD244A2B-21C5-4CC6-93A2-E493D4263C42}.Debug|Any CPU.Build.0 = Debug|Any CPU
		{AD244A2B-21C5-4CC6-93A2-E493D4263C42}.Debug|x64.ActiveCfg = Debug|Any CPU
		{AD244A2B-21C5-4CC6-93A2-E493D4263C42}.Debug|x64.Build.0 = Debug|Any CPU
		{AD244A2B-21C5-4CC6-93A2-E493D4263C42}.Debug|x86.ActiveCfg = Debug|Any CPU
		{AD244A2B-21C5-4CC6-93A2-E493D4263C42}.Debug|x86.Build.0 = Debug|Any CPU
		{AD244A2B-21C5-4CC6-93A2-E493D4263C42}.Release|Any CPU.ActiveCfg = Release|Any CPU
		{AD244A2B-21C5-4CC6-93A2-E493D4263C42}.Release|Any CPU.Build.0 = Release|Any CPU
		{AD244A2B-21C5-4CC6-93A2-E493D4263C42}.Release|x64.ActiveCfg = Release|Any CPU
		{AD244A2B-21C5-4CC6-93A2-E493D4263C42}.Release|x64.Build.0 = Release|Any CPU
		{AD244A2B-21C5-4CC6-93A2-E493D4263C42}.Release|x86.ActiveCfg = Release|Any CPU
		{AD244A2B-21C5-4CC6-93A2-E493D4263C42}.Release|x86.Build.0 = Release|Any CPU
	EndGlobalSection
	GlobalSection(SolutionProperties) = preSolution
		HideSolutionNode = FALSE
	EndGlobalSection
	GlobalSection(NestedProjects) = preSolution
		{E1BF916C-7B40-4C9B-A482-31E120C13BAB} = {827E0CD3-B72D-47B6-A68D-7590B98EB39B}
		{D22F6ACD-49E5-4D92-83A2-0EDD60A32DFC} = {827E0CD3-B72D-47B6-A68D-7590B98EB39B}
		{6883B029-9485-4B8F-A072-0CEFE9C49ED5} = {827E0CD3-B72D-47B6-A68D-7590B98EB39B}
		{CADD81EB-0AF3-42BB-AFEB-D799B0B80061} = {827E0CD3-B72D-47B6-A68D-7590B98EB39B}
		{CD453AD3-E4DE-4802-BB30-3697FE00712D} = {0AB3BF05-4346-4AA6-1389-037BE0695223}
		{AD244A2B-21C5-4CC6-93A2-E493D4263C42} = {0AB3BF05-4346-4AA6-1389-037BE0695223}
	EndGlobalSection
EndGlobal
